// !$*UTF8*$!
{
	archiveVersion = 1;
	classes = {
	};
	objectVersion = 55;
	objects = {

/* Begin PBXBuildFile section */
		C8F405B83987368BA8DE2399 /* Pods_ScratchAppUIKit.framework in Frameworks */ = {isa = PBXBuildFile; fileRef = 0A156E4E7BD39C6D9FE77581 /* Pods_ScratchAppUIKit.framework */; };
		D5D1773BFAA8CF21F0056474 /* Pods_ScratchAppUIKit_ScratchAppUIKitUITests.framework in Frameworks */ = {isa = PBXBuildFile; fileRef = 66CAF436E9E86AB99206D529 /* Pods_ScratchAppUIKit_ScratchAppUIKitUITests.framework */; };
		E022EE0A2871F09D00568656 /* MovieConstant.swift in Sources */ = {isa = PBXBuildFile; fileRef = E022EE092871F09D00568656 /* MovieConstant.swift */; };
		E022EE0F2871F24F00568656 /* MovieEndpoint.swift in Sources */ = {isa = PBXBuildFile; fileRef = E022EE0E2871F24F00568656 /* MovieEndpoint.swift */; };
		E022EE122871F74B00568656 /* NowPlayingListUseCase.swift in Sources */ = {isa = PBXBuildFile; fileRef = E022EE112871F74B00568656 /* NowPlayingListUseCase.swift */; };
		E022EE172871F89400568656 /* NowPlayingListViewController.swift in Sources */ = {isa = PBXBuildFile; fileRef = E022EE162871F89400568656 /* NowPlayingListViewController.swift */; };
		E022EE192871F89B00568656 /* NowPlayingListViewModel.swift in Sources */ = {isa = PBXBuildFile; fileRef = E022EE182871F89B00568656 /* NowPlayingListViewModel.swift */; };
		E022EE1C2871F8E300568656 /* MovieListDataFactory.swift in Sources */ = {isa = PBXBuildFile; fileRef = E022EE1B2871F8E300568656 /* MovieListDataFactory.swift */; };
		E03A55002866181C0022A97C /* Endpoint.swift in Sources */ = {isa = PBXBuildFile; fileRef = E03A54FF2866181C0022A97C /* Endpoint.swift */; };
		E03A5502286619080022A97C /* RemoteMethod.swift in Sources */ = {isa = PBXBuildFile; fileRef = E03A5501286619080022A97C /* RemoteMethod.swift */; };
		E03A55042866222D0022A97C /* UseCase.swift in Sources */ = {isa = PBXBuildFile; fileRef = E03A55032866222D0022A97C /* UseCase.swift */; };
		E03A5508286622C50022A97C /* DataFetchStrategy.swift in Sources */ = {isa = PBXBuildFile; fileRef = E03A5507286622C50022A97C /* DataFetchStrategy.swift */; };
		E04FCD1B2891842E009F81B0 /* NowPlayingItemRow.swift in Sources */ = {isa = PBXBuildFile; fileRef = E04FCD1A2891842E009F81B0 /* NowPlayingItemRow.swift */; };
		E04FCD1E289195EE009F81B0 /* Tabman in Frameworks */ = {isa = PBXBuildFile; productRef = E04FCD1D289195EE009F81B0 /* Tabman */; };
		E050F6E0289D432300588313 /* ViewControllerPreview.swift in Sources */ = {isa = PBXBuildFile; fileRef = E050F6DF289D432300588313 /* ViewControllerPreview.swift */; };
		E05D8329286491CD00869048 /* AppDelegate.swift in Sources */ = {isa = PBXBuildFile; fileRef = E05D8328286491CD00869048 /* AppDelegate.swift */; };
		E05D832B286491CD00869048 /* SceneDelegate.swift in Sources */ = {isa = PBXBuildFile; fileRef = E05D832A286491CD00869048 /* SceneDelegate.swift */; };
		E05D832D286491CD00869048 /* HomeViewController.swift in Sources */ = {isa = PBXBuildFile; fileRef = E05D832C286491CD00869048 /* HomeViewController.swift */; };
		E05D8333286491CD00869048 /* ScratchAppUIKit.xcdatamodeld in Sources */ = {isa = PBXBuildFile; fileRef = E05D8331286491CD00869048 /* ScratchAppUIKit.xcdatamodeld */; };
		E05D8335286491CE00869048 /* Assets.xcassets in Resources */ = {isa = PBXBuildFile; fileRef = E05D8334286491CE00869048 /* Assets.xcassets */; };
		E05D8338286491CE00869048 /* LaunchScreen.storyboard in Resources */ = {isa = PBXBuildFile; fileRef = E05D8336286491CE00869048 /* LaunchScreen.storyboard */; };
		E05D8343286491D000869048 /* ScratchAppUIKitTests.swift in Sources */ = {isa = PBXBuildFile; fileRef = E05D8342286491D000869048 /* ScratchAppUIKitTests.swift */; };
		E05D834D286491D100869048 /* ScratchAppUIKitUITests.swift in Sources */ = {isa = PBXBuildFile; fileRef = E05D834C286491D100869048 /* ScratchAppUIKitUITests.swift */; };
		E05D834F286491D100869048 /* ScratchAppUIKitUITestsLaunchTests.swift in Sources */ = {isa = PBXBuildFile; fileRef = E05D834E286491D100869048 /* ScratchAppUIKitUITestsLaunchTests.swift */; };
		E0BE4FD72864B2870045B4A7 /* Utils.swift in Sources */ = {isa = PBXBuildFile; fileRef = E0BE4FD62864B2870045B4A7 /* Utils.swift */; };
		E0BE4FE02864B2DF0045B4A7 /* MovieListItems.swift in Sources */ = {isa = PBXBuildFile; fileRef = E0BE4FDF2864B2DF0045B4A7 /* MovieListItems.swift */; };
		E0BE4FE32864B2F90045B4A7 /* LocalDataSource.swift in Sources */ = {isa = PBXBuildFile; fileRef = E0BE4FE22864B2F90045B4A7 /* LocalDataSource.swift */; };
		E0BE4FE52864B2FF0045B4A7 /* RemoteDataSource.swift in Sources */ = {isa = PBXBuildFile; fileRef = E0BE4FE42864B2FF0045B4A7 /* RemoteDataSource.swift */; };
		E0BE4FE72864B30D0045B4A7 /* DataSource.swift in Sources */ = {isa = PBXBuildFile; fileRef = E0BE4FE62864B30D0045B4A7 /* DataSource.swift */; };
		FDEB93B8D74E6F48E1098D5E /* Pods_ScratchAppUIKitTests.framework in Frameworks */ = {isa = PBXBuildFile; fileRef = 280B90D6507E897C75FA98D3 /* Pods_ScratchAppUIKitTests.framework */; };
/* End PBXBuildFile section */

/* Begin PBXContainerItemProxy section */
		E05D833F286491D000869048 /* PBXContainerItemProxy */ = {
			isa = PBXContainerItemProxy;
			containerPortal = E05D831D286491CD00869048 /* Project object */;
			proxyType = 1;
			remoteGlobalIDString = E05D8324286491CD00869048;
			remoteInfo = ScratchAppUIKit;
		};
		E05D8349286491D100869048 /* PBXContainerItemProxy */ = {
			isa = PBXContainerItemProxy;
			containerPortal = E05D831D286491CD00869048 /* Project object */;
			proxyType = 1;
			remoteGlobalIDString = E05D8324286491CD00869048;
			remoteInfo = ScratchAppUIKit;
		};
/* End PBXContainerItemProxy section */

/* Begin PBXFileReference section */
		0085403C75FC199137C9D129 /* Pods-ScratchAppUIKit-ScratchAppUIKitUITests.debug.xcconfig */ = {isa = PBXFileReference; includeInIndex = 1; lastKnownFileType = text.xcconfig; name = "Pods-ScratchAppUIKit-ScratchAppUIKitUITests.debug.xcconfig"; path = "Target Support Files/Pods-ScratchAppUIKit-ScratchAppUIKitUITests/Pods-ScratchAppUIKit-ScratchAppUIKitUITests.debug.xcconfig"; sourceTree = "<group>"; };
		04325EEF61E5F078CA49D2D8 /* Pods-ScratchAppUIKit-ScratchAppUIKitUITests.release.xcconfig */ = {isa = PBXFileReference; includeInIndex = 1; lastKnownFileType = text.xcconfig; name = "Pods-ScratchAppUIKit-ScratchAppUIKitUITests.release.xcconfig"; path = "Target Support Files/Pods-ScratchAppUIKit-ScratchAppUIKitUITests/Pods-ScratchAppUIKit-ScratchAppUIKitUITests.release.xcconfig"; sourceTree = "<group>"; };
		0A156E4E7BD39C6D9FE77581 /* Pods_ScratchAppUIKit.framework */ = {isa = PBXFileReference; explicitFileType = wrapper.framework; includeInIndex = 0; path = Pods_ScratchAppUIKit.framework; sourceTree = BUILT_PRODUCTS_DIR; };
		280B90D6507E897C75FA98D3 /* Pods_ScratchAppUIKitTests.framework */ = {isa = PBXFileReference; explicitFileType = wrapper.framework; includeInIndex = 0; path = Pods_ScratchAppUIKitTests.framework; sourceTree = BUILT_PRODUCTS_DIR; };
		2DFDCEE8D8C0C8D34928B969 /* Pods-ScratchAppUIKit.release.xcconfig */ = {isa = PBXFileReference; includeInIndex = 1; lastKnownFileType = text.xcconfig; name = "Pods-ScratchAppUIKit.release.xcconfig"; path = "Target Support Files/Pods-ScratchAppUIKit/Pods-ScratchAppUIKit.release.xcconfig"; sourceTree = "<group>"; };
		56EC4E5F6F003F13E0ADB898 /* Pods-ScratchAppUIKit.debug.xcconfig */ = {isa = PBXFileReference; includeInIndex = 1; lastKnownFileType = text.xcconfig; name = "Pods-ScratchAppUIKit.debug.xcconfig"; path = "Target Support Files/Pods-ScratchAppUIKit/Pods-ScratchAppUIKit.debug.xcconfig"; sourceTree = "<group>"; };
		66CAF436E9E86AB99206D529 /* Pods_ScratchAppUIKit_ScratchAppUIKitUITests.framework */ = {isa = PBXFileReference; explicitFileType = wrapper.framework; includeInIndex = 0; path = Pods_ScratchAppUIKit_ScratchAppUIKitUITests.framework; sourceTree = BUILT_PRODUCTS_DIR; };
		6878D9880EF9E371BB0B0C9B /* Pods-ScratchAppUIKitTests.release.xcconfig */ = {isa = PBXFileReference; includeInIndex = 1; lastKnownFileType = text.xcconfig; name = "Pods-ScratchAppUIKitTests.release.xcconfig"; path = "Target Support Files/Pods-ScratchAppUIKitTests/Pods-ScratchAppUIKitTests.release.xcconfig"; sourceTree = "<group>"; };
		7C34CD4E1D9C8222E1CCA430 /* Pods-ScratchAppUIKitTests.debug.xcconfig */ = {isa = PBXFileReference; includeInIndex = 1; lastKnownFileType = text.xcconfig; name = "Pods-ScratchAppUIKitTests.debug.xcconfig"; path = "Target Support Files/Pods-ScratchAppUIKitTests/Pods-ScratchAppUIKitTests.debug.xcconfig"; sourceTree = "<group>"; };
		E022EE092871F09D00568656 /* MovieConstant.swift */ = {isa = PBXFileReference; lastKnownFileType = sourcecode.swift; path = MovieConstant.swift; sourceTree = "<group>"; };
		E022EE0E2871F24F00568656 /* MovieEndpoint.swift */ = {isa = PBXFileReference; lastKnownFileType = sourcecode.swift; path = MovieEndpoint.swift; sourceTree = "<group>"; };
		E022EE112871F74B00568656 /* NowPlayingListUseCase.swift */ = {isa = PBXFileReference; lastKnownFileType = sourcecode.swift; path = NowPlayingListUseCase.swift; sourceTree = "<group>"; };
		E022EE162871F89400568656 /* NowPlayingListViewController.swift */ = {isa = PBXFileReference; lastKnownFileType = sourcecode.swift; path = NowPlayingListViewController.swift; sourceTree = "<group>"; };
		E022EE182871F89B00568656 /* NowPlayingListViewModel.swift */ = {isa = PBXFileReference; lastKnownFileType = sourcecode.swift; path = NowPlayingListViewModel.swift; sourceTree = "<group>"; };
		E022EE1B2871F8E300568656 /* MovieListDataFactory.swift */ = {isa = PBXFileReference; lastKnownFileType = sourcecode.swift; path = MovieListDataFactory.swift; sourceTree = "<group>"; };
		E03A54FF2866181C0022A97C /* Endpoint.swift */ = {isa = PBXFileReference; lastKnownFileType = sourcecode.swift; path = Endpoint.swift; sourceTree = "<group>"; };
		E03A5501286619080022A97C /* RemoteMethod.swift */ = {isa = PBXFileReference; lastKnownFileType = sourcecode.swift; path = RemoteMethod.swift; sourceTree = "<group>"; };
		E03A55032866222D0022A97C /* UseCase.swift */ = {isa = PBXFileReference; lastKnownFileType = sourcecode.swift; path = UseCase.swift; sourceTree = "<group>"; };
		E03A5507286622C50022A97C /* DataFetchStrategy.swift */ = {isa = PBXFileReference; lastKnownFileType = sourcecode.swift; path = DataFetchStrategy.swift; sourceTree = "<group>"; };
		E04FCD1A2891842E009F81B0 /* NowPlayingItemRow.swift */ = {isa = PBXFileReference; lastKnownFileType = sourcecode.swift; path = NowPlayingItemRow.swift; sourceTree = "<group>"; };
		E050F6DF289D432300588313 /* ViewControllerPreview.swift */ = {isa = PBXFileReference; lastKnownFileType = sourcecode.swift; path = ViewControllerPreview.swift; sourceTree = "<group>"; };
		E05D8325286491CD00869048 /* ScratchAppUIKit.app */ = {isa = PBXFileReference; explicitFileType = wrapper.application; includeInIndex = 0; path = ScratchAppUIKit.app; sourceTree = BUILT_PRODUCTS_DIR; };
		E05D8328286491CD00869048 /* AppDelegate.swift */ = {isa = PBXFileReference; lastKnownFileType = sourcecode.swift; path = AppDelegate.swift; sourceTree = "<group>"; };
		E05D832A286491CD00869048 /* SceneDelegate.swift */ = {isa = PBXFileReference; lastKnownFileType = sourcecode.swift; path = SceneDelegate.swift; sourceTree = "<group>"; };
		E05D832C286491CD00869048 /* HomeViewController.swift */ = {isa = PBXFileReference; lastKnownFileType = sourcecode.swift; path = HomeViewController.swift; sourceTree = "<group>"; };
		E05D8332286491CD00869048 /* ScratchAppUIKit.xcdatamodel */ = {isa = PBXFileReference; lastKnownFileType = wrapper.xcdatamodel; path = ScratchAppUIKit.xcdatamodel; sourceTree = "<group>"; };
		E05D8334286491CE00869048 /* Assets.xcassets */ = {isa = PBXFileReference; lastKnownFileType = folder.assetcatalog; path = Assets.xcassets; sourceTree = "<group>"; };
		E05D8337286491CE00869048 /* Base */ = {isa = PBXFileReference; lastKnownFileType = file.storyboard; name = Base; path = Base.lproj/LaunchScreen.storyboard; sourceTree = "<group>"; };
		E05D8339286491CE00869048 /* Info.plist */ = {isa = PBXFileReference; lastKnownFileType = text.plist.xml; path = Info.plist; sourceTree = "<group>"; };
		E05D833E286491D000869048 /* ScratchAppUIKitTests.xctest */ = {isa = PBXFileReference; explicitFileType = wrapper.cfbundle; includeInIndex = 0; path = ScratchAppUIKitTests.xctest; sourceTree = BUILT_PRODUCTS_DIR; };
		E05D8342286491D000869048 /* ScratchAppUIKitTests.swift */ = {isa = PBXFileReference; lastKnownFileType = sourcecode.swift; path = ScratchAppUIKitTests.swift; sourceTree = "<group>"; };
		E05D8348286491D100869048 /* ScratchAppUIKitUITests.xctest */ = {isa = PBXFileReference; explicitFileType = wrapper.cfbundle; includeInIndex = 0; path = ScratchAppUIKitUITests.xctest; sourceTree = BUILT_PRODUCTS_DIR; };
		E05D834C286491D100869048 /* ScratchAppUIKitUITests.swift */ = {isa = PBXFileReference; lastKnownFileType = sourcecode.swift; path = ScratchAppUIKitUITests.swift; sourceTree = "<group>"; };
		E05D834E286491D100869048 /* ScratchAppUIKitUITestsLaunchTests.swift */ = {isa = PBXFileReference; lastKnownFileType = sourcecode.swift; path = ScratchAppUIKitUITestsLaunchTests.swift; sourceTree = "<group>"; };
		E0BE4FD62864B2870045B4A7 /* Utils.swift */ = {isa = PBXFileReference; lastKnownFileType = sourcecode.swift; path = Utils.swift; sourceTree = "<group>"; };
		E0BE4FDF2864B2DF0045B4A7 /* MovieListItems.swift */ = {isa = PBXFileReference; lastKnownFileType = sourcecode.swift; path = MovieListItems.swift; sourceTree = "<group>"; };
		E0BE4FE22864B2F90045B4A7 /* LocalDataSource.swift */ = {isa = PBXFileReference; lastKnownFileType = sourcecode.swift; path = LocalDataSource.swift; sourceTree = "<group>"; };
		E0BE4FE42864B2FF0045B4A7 /* RemoteDataSource.swift */ = {isa = PBXFileReference; lastKnownFileType = sourcecode.swift; path = RemoteDataSource.swift; sourceTree = "<group>"; };
		E0BE4FE62864B30D0045B4A7 /* DataSource.swift */ = {isa = PBXFileReference; lastKnownFileType = sourcecode.swift; path = DataSource.swift; sourceTree = "<group>"; };
/* End PBXFileReference section */

/* Begin PBXFrameworksBuildPhase section */
		E05D8322286491CD00869048 /* Frameworks */ = {
			isa = PBXFrameworksBuildPhase;
			buildActionMask = 2147483647;
			files = (
				C8F405B83987368BA8DE2399 /* Pods_ScratchAppUIKit.framework in Frameworks */,
				E04FCD1E289195EE009F81B0 /* Tabman in Frameworks */,
			);
			runOnlyForDeploymentPostprocessing = 0;
		};
		E05D833B286491D000869048 /* Frameworks */ = {
			isa = PBXFrameworksBuildPhase;
			buildActionMask = 2147483647;
			files = (
				FDEB93B8D74E6F48E1098D5E /* Pods_ScratchAppUIKitTests.framework in Frameworks */,
			);
			runOnlyForDeploymentPostprocessing = 0;
		};
		E05D8345286491D000869048 /* Frameworks */ = {
			isa = PBXFrameworksBuildPhase;
			buildActionMask = 2147483647;
			files = (
				D5D1773BFAA8CF21F0056474 /* Pods_ScratchAppUIKit_ScratchAppUIKitUITests.framework in Frameworks */,
			);
			runOnlyForDeploymentPostprocessing = 0;
		};
/* End PBXFrameworksBuildPhase section */

/* Begin PBXGroup section */
		7AC5DE0172D81E3AA7410CC1 /* Frameworks */ = {
			isa = PBXGroup;
			children = (
				0A156E4E7BD39C6D9FE77581 /* Pods_ScratchAppUIKit.framework */,
				66CAF436E9E86AB99206D529 /* Pods_ScratchAppUIKit_ScratchAppUIKitUITests.framework */,
				280B90D6507E897C75FA98D3 /* Pods_ScratchAppUIKitTests.framework */,
			);
			name = Frameworks;
			sourceTree = "<group>";
		};
		CF780A252967042921B4292E /* Pods */ = {
			isa = PBXGroup;
			children = (
				56EC4E5F6F003F13E0ADB898 /* Pods-ScratchAppUIKit.debug.xcconfig */,
				2DFDCEE8D8C0C8D34928B969 /* Pods-ScratchAppUIKit.release.xcconfig */,
				0085403C75FC199137C9D129 /* Pods-ScratchAppUIKit-ScratchAppUIKitUITests.debug.xcconfig */,
				04325EEF61E5F078CA49D2D8 /* Pods-ScratchAppUIKit-ScratchAppUIKitUITests.release.xcconfig */,
				7C34CD4E1D9C8222E1CCA430 /* Pods-ScratchAppUIKitTests.debug.xcconfig */,
				6878D9880EF9E371BB0B0C9B /* Pods-ScratchAppUIKitTests.release.xcconfig */,
			);
			path = Pods;
			sourceTree = "<group>";
		};
		E022EE0D2871F24500568656 /* Endppint */ = {
			isa = PBXGroup;
			children = (
				E022EE0E2871F24F00568656 /* MovieEndpoint.swift */,
			);
			path = Endppint;
			sourceTree = "<group>";
		};
		E022EE102871F74100568656 /* NowPlayingList */ = {
			isa = PBXGroup;
			children = (
				E022EE112871F74B00568656 /* NowPlayingListUseCase.swift */,
			);
			path = NowPlayingList;
			sourceTree = "<group>";
		};
		E022EE132871F87D00568656 /* NowPlayingList */ = {
			isa = PBXGroup;
			children = (
				E04FCD19289183DD009F81B0 /* Component */,
				E022EE152871F88900568656 /* View */,
				E022EE142871F88400568656 /* ViewModel */,
			);
			path = NowPlayingList;
			sourceTree = "<group>";
		};
		E022EE142871F88400568656 /* ViewModel */ = {
			isa = PBXGroup;
			children = (
				E022EE182871F89B00568656 /* NowPlayingListViewModel.swift */,
			);
			path = ViewModel;
			sourceTree = "<group>";
		};
		E022EE152871F88900568656 /* View */ = {
			isa = PBXGroup;
			children = (
				E022EE162871F89400568656 /* NowPlayingListViewController.swift */,
			);
			path = View;
			sourceTree = "<group>";
		};
		E022EE1A2871F8D700568656 /* DataFactory */ = {
			isa = PBXGroup;
			children = (
				E022EE1B2871F8E300568656 /* MovieListDataFactory.swift */,
			);
			path = DataFactory;
			sourceTree = "<group>";
		};
		E03A54FE2865E3D20022A97C /* DataSource */ = {
			isa = PBXGroup;
			children = (
				E0BE4FE62864B30D0045B4A7 /* DataSource.swift */,
				E03A5507286622C50022A97C /* DataFetchStrategy.swift */,
			);
			path = DataSource;
			sourceTree = "<group>";
		};
		E04FCD19289183DD009F81B0 /* Component */ = {
			isa = PBXGroup;
			children = (
				E04FCD1A2891842E009F81B0 /* NowPlayingItemRow.swift */,
			);
			path = Component;
			sourceTree = "<group>";
		};
		E05D831C286491CD00869048 = {
			isa = PBXGroup;
			children = (
				E05D8327286491CD00869048 /* ScratchAppUIKit */,
				E05D8341286491D000869048 /* ScratchAppUIKitTests */,
				E05D834B286491D100869048 /* ScratchAppUIKitUITests */,
				E05D8326286491CD00869048 /* Products */,
				CF780A252967042921B4292E /* Pods */,
				7AC5DE0172D81E3AA7410CC1 /* Frameworks */,
			);
			sourceTree = "<group>";
		};
		E05D8326286491CD00869048 /* Products */ = {
			isa = PBXGroup;
			children = (
				E05D8325286491CD00869048 /* ScratchAppUIKit.app */,
				E05D833E286491D000869048 /* ScratchAppUIKitTests.xctest */,
				E05D8348286491D100869048 /* ScratchAppUIKitUITests.xctest */,
			);
			name = Products;
			sourceTree = "<group>";
		};
		E05D8327286491CD00869048 /* ScratchAppUIKit */ = {
			isa = PBXGroup;
			children = (
				E0BE4FD12864B1FF0045B4A7 /* SupportingFiles */,
				E0BE4FD02864B1FA0045B4A7 /* Resource */,
				E0BE4FCF2864B1E20045B4A7 /* Domain */,
				E0BE4FCE2864B1DE0045B4A7 /* Feature */,
				E0BE4FCD2864B1D90045B4A7 /* Core */,
				E0BE4FCC2864B1D30045B4A7 /* App */,
				E05D8331286491CD00869048 /* ScratchAppUIKit.xcdatamodeld */,
			);
			path = ScratchAppUIKit;
			sourceTree = "<group>";
		};
		E05D8341286491D000869048 /* ScratchAppUIKitTests */ = {
			isa = PBXGroup;
			children = (
				E05D8342286491D000869048 /* ScratchAppUIKitTests.swift */,
			);
			path = ScratchAppUIKitTests;
			sourceTree = "<group>";
		};
		E05D834B286491D100869048 /* ScratchAppUIKitUITests */ = {
			isa = PBXGroup;
			children = (
				E05D834C286491D100869048 /* ScratchAppUIKitUITests.swift */,
				E05D834E286491D100869048 /* ScratchAppUIKitUITestsLaunchTests.swift */,
			);
			path = ScratchAppUIKitUITests;
			sourceTree = "<group>";
		};
		E0BE4FCC2864B1D30045B4A7 /* App */ = {
			isa = PBXGroup;
			children = (
				E05D8328286491CD00869048 /* AppDelegate.swift */,
				E05D832A286491CD00869048 /* SceneDelegate.swift */,
			);
			path = App;
			sourceTree = "<group>";
		};
		E0BE4FCD2864B1D90045B4A7 /* Core */ = {
			isa = PBXGroup;
			children = (
				E0BE4FD32864B26B0045B4A7 /* Helper */,
				E0BE4FD22864B2620045B4A7 /* Data */,
			);
			path = Core;
			sourceTree = "<group>";
		};
		E0BE4FCE2864B1DE0045B4A7 /* Feature */ = {
			isa = PBXGroup;
			children = (
				E022EE132871F87D00568656 /* NowPlayingList */,
				E0BE4FD92864B29D0045B4A7 /* Home */,
			);
			path = Feature;
			sourceTree = "<group>";
		};
		E0BE4FCF2864B1E20045B4A7 /* Domain */ = {
			isa = PBXGroup;
			children = (
				E022EE1A2871F8D700568656 /* DataFactory */,
				E022EE0D2871F24500568656 /* Endppint */,
				E0BE4FDB2864B2BF0045B4A7 /* UseCase */,
				E0BE4FDA2864B2BA0045B4A7 /* Entity */,
			);
			path = Domain;
			sourceTree = "<group>";
		};
		E0BE4FD02864B1FA0045B4A7 /* Resource */ = {
			isa = PBXGroup;
			children = (
				E05D8334286491CE00869048 /* Assets.xcassets */,
				E05D8336286491CE00869048 /* LaunchScreen.storyboard */,
			);
			path = Resource;
			sourceTree = "<group>";
		};
		E0BE4FD12864B1FF0045B4A7 /* SupportingFiles */ = {
			isa = PBXGroup;
			children = (
				E05D8339286491CE00869048 /* Info.plist */,
			);
			path = SupportingFiles;
			sourceTree = "<group>";
		};
		E0BE4FD22864B2620045B4A7 /* Data */ = {
			isa = PBXGroup;
			children = (
				E03A54FE2865E3D20022A97C /* DataSource */,
				E0BE4FD52864B2790045B4A7 /* Local */,
				E0BE4FD42864B2710045B4A7 /* Remote */,
			);
			path = Data;
			sourceTree = "<group>";
		};
		E0BE4FD32864B26B0045B4A7 /* Helper */ = {
			isa = PBXGroup;
			children = (
				E0BE4FD62864B2870045B4A7 /* Utils.swift */,
				E022EE092871F09D00568656 /* MovieConstant.swift */,
				E050F6DF289D432300588313 /* ViewControllerPreview.swift */,
			);
			path = Helper;
			sourceTree = "<group>";
		};
		E0BE4FD42864B2710045B4A7 /* Remote */ = {
			isa = PBXGroup;
			children = (
				E0BE4FE42864B2FF0045B4A7 /* RemoteDataSource.swift */,
				E03A54FF2866181C0022A97C /* Endpoint.swift */,
				E03A5501286619080022A97C /* RemoteMethod.swift */,
				E03A55032866222D0022A97C /* UseCase.swift */,
			);
			path = Remote;
			sourceTree = "<group>";
		};
		E0BE4FD52864B2790045B4A7 /* Local */ = {
			isa = PBXGroup;
			children = (
				E0BE4FE22864B2F90045B4A7 /* LocalDataSource.swift */,
			);
			path = Local;
			sourceTree = "<group>";
		};
		E0BE4FD92864B29D0045B4A7 /* Home */ = {
			isa = PBXGroup;
			children = (
				E05D832C286491CD00869048 /* HomeViewController.swift */,
			);
			path = Home;
			sourceTree = "<group>";
		};
		E0BE4FDA2864B2BA0045B4A7 /* Entity */ = {
			isa = PBXGroup;
			children = (
				E0BE4FDF2864B2DF0045B4A7 /* MovieListItems.swift */,
			);
			path = Entity;
			sourceTree = "<group>";
		};
		E0BE4FDB2864B2BF0045B4A7 /* UseCase */ = {
			isa = PBXGroup;
			children = (
				E022EE102871F74100568656 /* NowPlayingList */,
			);
			path = UseCase;
			sourceTree = "<group>";
		};
/* End PBXGroup section */

/* Begin PBXNativeTarget section */
		E05D8324286491CD00869048 /* ScratchAppUIKit */ = {
			isa = PBXNativeTarget;
			buildConfigurationList = E05D8352286491D100869048 /* Build configuration list for PBXNativeTarget "ScratchAppUIKit" */;
			buildPhases = (
				51849B198A50717AACFDD29A /* [CP] Check Pods Manifest.lock */,
				E05D8321286491CD00869048 /* Sources */,
				E05D8322286491CD00869048 /* Frameworks */,
				E05D8323286491CD00869048 /* Resources */,
				5797380BCE861B2E9DD7EC54 /* [CP] Embed Pods Frameworks */,
			);
			buildRules = (
			);
			dependencies = (
			);
			name = ScratchAppUIKit;
			packageProductDependencies = (
				E04FCD1D289195EE009F81B0 /* Tabman */,
			);
			productName = ScratchAppUIKit;
			productReference = E05D8325286491CD00869048 /* ScratchAppUIKit.app */;
			productType = "com.apple.product-type.application";
		};
		E05D833D286491D000869048 /* ScratchAppUIKitTests */ = {
			isa = PBXNativeTarget;
			buildConfigurationList = E05D8355286491D100869048 /* Build configuration list for PBXNativeTarget "ScratchAppUIKitTests" */;
			buildPhases = (
				63999CE3137423EC94D5BF97 /* [CP] Check Pods Manifest.lock */,
				E05D833A286491D000869048 /* Sources */,
				E05D833B286491D000869048 /* Frameworks */,
				E05D833C286491D000869048 /* Resources */,
			);
			buildRules = (
			);
			dependencies = (
				E05D8340286491D000869048 /* PBXTargetDependency */,
			);
			name = ScratchAppUIKitTests;
			productName = ScratchAppUIKitTests;
			productReference = E05D833E286491D000869048 /* ScratchAppUIKitTests.xctest */;
			productType = "com.apple.product-type.bundle.unit-test";
		};
		E05D8347286491D000869048 /* ScratchAppUIKitUITests */ = {
			isa = PBXNativeTarget;
			buildConfigurationList = E05D8358286491D100869048 /* Build configuration list for PBXNativeTarget "ScratchAppUIKitUITests" */;
			buildPhases = (
				CFD1E6A8E7E2B88890EFEB94 /* [CP] Check Pods Manifest.lock */,
				E05D8344286491D000869048 /* Sources */,
				E05D8345286491D000869048 /* Frameworks */,
				E05D8346286491D000869048 /* Resources */,
				1A30374097910554451892C5 /* [CP] Embed Pods Frameworks */,
			);
			buildRules = (
			);
			dependencies = (
				E05D834A286491D100869048 /* PBXTargetDependency */,
			);
			name = ScratchAppUIKitUITests;
			productName = ScratchAppUIKitUITests;
			productReference = E05D8348286491D100869048 /* ScratchAppUIKitUITests.xctest */;
			productType = "com.apple.product-type.bundle.ui-testing";
		};
/* End PBXNativeTarget section */

/* Begin PBXProject section */
		E05D831D286491CD00869048 /* Project object */ = {
			isa = PBXProject;
			attributes = {
				BuildIndependentTargetsInParallel = 1;
				LastSwiftUpdateCheck = 1340;
				LastUpgradeCheck = 1340;
				TargetAttributes = {
					E05D8324286491CD00869048 = {
						CreatedOnToolsVersion = 13.4.1;
					};
					E05D833D286491D000869048 = {
						CreatedOnToolsVersion = 13.4.1;
						TestTargetID = E05D8324286491CD00869048;
					};
					E05D8347286491D000869048 = {
						CreatedOnToolsVersion = 13.4.1;
						TestTargetID = E05D8324286491CD00869048;
					};
				};
			};
			buildConfigurationList = E05D8320286491CD00869048 /* Build configuration list for PBXProject "ScratchAppUIKit" */;
			compatibilityVersion = "Xcode 13.0";
			developmentRegion = en;
			hasScannedForEncodings = 0;
			knownRegions = (
				en,
				Base,
			);
			mainGroup = E05D831C286491CD00869048;
			packageReferences = (
				E04FCD1C289195EE009F81B0 /* XCRemoteSwiftPackageReference "Tabman" */,
			);
			productRefGroup = E05D8326286491CD00869048 /* Products */;
			projectDirPath = "";
			projectRoot = "";
			targets = (
				E05D8324286491CD00869048 /* ScratchAppUIKit */,
				E05D833D286491D000869048 /* ScratchAppUIKitTests */,
				E05D8347286491D000869048 /* ScratchAppUIKitUITests */,
			);
		};
/* End PBXProject section */

/* Begin PBXResourcesBuildPhase section */
		E05D8323286491CD00869048 /* Resources */ = {
			isa = PBXResourcesBuildPhase;
			buildActionMask = 2147483647;
			files = (
				E05D8338286491CE00869048 /* LaunchScreen.storyboard in Resources */,
				E05D8335286491CE00869048 /* Assets.xcassets in Resources */,
			);
			runOnlyForDeploymentPostprocessing = 0;
		};
		E05D833C286491D000869048 /* Resources */ = {
			isa = PBXResourcesBuildPhase;
			buildActionMask = 2147483647;
			files = (
			);
			runOnlyForDeploymentPostprocessing = 0;
		};
		E05D8346286491D000869048 /* Resources */ = {
			isa = PBXResourcesBuildPhase;
			buildActionMask = 2147483647;
			files = (
			);
			runOnlyForDeploymentPostprocessing = 0;
		};
/* End PBXResourcesBuildPhase section */

/* Begin PBXShellScriptBuildPhase section */
		1A30374097910554451892C5 /* [CP] Embed Pods Frameworks */ = {
			isa = PBXShellScriptBuildPhase;
			buildActionMask = 2147483647;
			files = (
			);
			inputFileListPaths = (
				"${PODS_ROOT}/Target Support Files/Pods-ScratchAppUIKit-ScratchAppUIKitUITests/Pods-ScratchAppUIKit-ScratchAppUIKitUITests-frameworks-${CONFIGURATION}-input-files.xcfilelist",
			);
			name = "[CP] Embed Pods Frameworks";
			outputFileListPaths = (
				"${PODS_ROOT}/Target Support Files/Pods-ScratchAppUIKit-ScratchAppUIKitUITests/Pods-ScratchAppUIKit-ScratchAppUIKitUITests-frameworks-${CONFIGURATION}-output-files.xcfilelist",
			);
			runOnlyForDeploymentPostprocessing = 0;
			shellPath = /bin/sh;
			shellScript = "\"${PODS_ROOT}/Target Support Files/Pods-ScratchAppUIKit-ScratchAppUIKitUITests/Pods-ScratchAppUIKit-ScratchAppUIKitUITests-frameworks.sh\"\n";
			showEnvVarsInLog = 0;
		};
		51849B198A50717AACFDD29A /* [CP] Check Pods Manifest.lock */ = {
			isa = PBXShellScriptBuildPhase;
			buildActionMask = 2147483647;
			files = (
			);
			inputFileListPaths = (
			);
			inputPaths = (
				"${PODS_PODFILE_DIR_PATH}/Podfile.lock",
				"${PODS_ROOT}/Manifest.lock",
			);
			name = "[CP] Check Pods Manifest.lock";
			outputFileListPaths = (
			);
			outputPaths = (
				"$(DERIVED_FILE_DIR)/Pods-ScratchAppUIKit-checkManifestLockResult.txt",
			);
			runOnlyForDeploymentPostprocessing = 0;
			shellPath = /bin/sh;
			shellScript = "diff \"${PODS_PODFILE_DIR_PATH}/Podfile.lock\" \"${PODS_ROOT}/Manifest.lock\" > /dev/null\nif [ $? != 0 ] ; then\n    # print error to STDERR\n    echo \"error: The sandbox is not in sync with the Podfile.lock. Run 'pod install' or update your CocoaPods installation.\" >&2\n    exit 1\nfi\n# This output is used by Xcode 'outputs' to avoid re-running this script phase.\necho \"SUCCESS\" > \"${SCRIPT_OUTPUT_FILE_0}\"\n";
			showEnvVarsInLog = 0;
		};
		5797380BCE861B2E9DD7EC54 /* [CP] Embed Pods Frameworks */ = {
			isa = PBXShellScriptBuildPhase;
			buildActionMask = 2147483647;
			files = (
			);
			inputFileListPaths = (
				"${PODS_ROOT}/Target Support Files/Pods-ScratchAppUIKit/Pods-ScratchAppUIKit-frameworks-${CONFIGURATION}-input-files.xcfilelist",
			);
			name = "[CP] Embed Pods Frameworks";
			outputFileListPaths = (
				"${PODS_ROOT}/Target Support Files/Pods-ScratchAppUIKit/Pods-ScratchAppUIKit-frameworks-${CONFIGURATION}-output-files.xcfilelist",
			);
			runOnlyForDeploymentPostprocessing = 0;
			shellPath = /bin/sh;
			shellScript = "\"${PODS_ROOT}/Target Support Files/Pods-ScratchAppUIKit/Pods-ScratchAppUIKit-frameworks.sh\"\n";
			showEnvVarsInLog = 0;
		};
		63999CE3137423EC94D5BF97 /* [CP] Check Pods Manifest.lock */ = {
			isa = PBXShellScriptBuildPhase;
			buildActionMask = 2147483647;
			files = (
			);
			inputFileListPaths = (
			);
			inputPaths = (
				"${PODS_PODFILE_DIR_PATH}/Podfile.lock",
				"${PODS_ROOT}/Manifest.lock",
			);
			name = "[CP] Check Pods Manifest.lock";
			outputFileListPaths = (
			);
			outputPaths = (
				"$(DERIVED_FILE_DIR)/Pods-ScratchAppUIKitTests-checkManifestLockResult.txt",
			);
			runOnlyForDeploymentPostprocessing = 0;
			shellPath = /bin/sh;
			shellScript = "diff \"${PODS_PODFILE_DIR_PATH}/Podfile.lock\" \"${PODS_ROOT}/Manifest.lock\" > /dev/null\nif [ $? != 0 ] ; then\n    # print error to STDERR\n    echo \"error: The sandbox is not in sync with the Podfile.lock. Run 'pod install' or update your CocoaPods installation.\" >&2\n    exit 1\nfi\n# This output is used by Xcode 'outputs' to avoid re-running this script phase.\necho \"SUCCESS\" > \"${SCRIPT_OUTPUT_FILE_0}\"\n";
			showEnvVarsInLog = 0;
		};
		CFD1E6A8E7E2B88890EFEB94 /* [CP] Check Pods Manifest.lock */ = {
			isa = PBXShellScriptBuildPhase;
			buildActionMask = 2147483647;
			files = (
			);
			inputFileListPaths = (
			);
			inputPaths = (
				"${PODS_PODFILE_DIR_PATH}/Podfile.lock",
				"${PODS_ROOT}/Manifest.lock",
			);
			name = "[CP] Check Pods Manifest.lock";
			outputFileListPaths = (
			);
			outputPaths = (
				"$(DERIVED_FILE_DIR)/Pods-ScratchAppUIKit-ScratchAppUIKitUITests-checkManifestLockResult.txt",
			);
			runOnlyForDeploymentPostprocessing = 0;
			shellPath = /bin/sh;
			shellScript = "diff \"${PODS_PODFILE_DIR_PATH}/Podfile.lock\" \"${PODS_ROOT}/Manifest.lock\" > /dev/null\nif [ $? != 0 ] ; then\n    # print error to STDERR\n    echo \"error: The sandbox is not in sync with the Podfile.lock. Run 'pod install' or update your CocoaPods installation.\" >&2\n    exit 1\nfi\n# This output is used by Xcode 'outputs' to avoid re-running this script phase.\necho \"SUCCESS\" > \"${SCRIPT_OUTPUT_FILE_0}\"\n";
			showEnvVarsInLog = 0;
		};
/* End PBXShellScriptBuildPhase section */

/* Begin PBXSourcesBuildPhase section */
		E05D8321286491CD00869048 /* Sources */ = {
			isa = PBXSourcesBuildPhase;
			buildActionMask = 2147483647;
			files = (
				E0BE4FD72864B2870045B4A7 /* Utils.swift in Sources */,
				E04FCD1B2891842E009F81B0 /* NowPlayingItemRow.swift in Sources */,
				E022EE1C2871F8E300568656 /* MovieListDataFactory.swift in Sources */,
				E022EE172871F89400568656 /* NowPlayingListViewController.swift in Sources */,
				E05D832D286491CD00869048 /* HomeViewController.swift in Sources */,
				E022EE0A2871F09D00568656 /* MovieConstant.swift in Sources */,
				E022EE192871F89B00568656 /* NowPlayingListViewModel.swift in Sources */,
				E050F6E0289D432300588313 /* ViewControllerPreview.swift in Sources */,
				E022EE122871F74B00568656 /* NowPlayingListUseCase.swift in Sources */,
				E03A5508286622C50022A97C /* DataFetchStrategy.swift in Sources */,
				E03A5502286619080022A97C /* RemoteMethod.swift in Sources */,
				E05D8329286491CD00869048 /* AppDelegate.swift in Sources */,
				E0BE4FE52864B2FF0045B4A7 /* RemoteDataSource.swift in Sources */,
				E03A55042866222D0022A97C /* UseCase.swift in Sources */,
				E05D832B286491CD00869048 /* SceneDelegate.swift in Sources */,
				E05D8333286491CD00869048 /* ScratchAppUIKit.xcdatamodeld in Sources */,
				E0BE4FE32864B2F90045B4A7 /* LocalDataSource.swift in Sources */,
				E0BE4FE72864B30D0045B4A7 /* DataSource.swift in Sources */,
				E03A55002866181C0022A97C /* Endpoint.swift in Sources */,
				E0BE4FE02864B2DF0045B4A7 /* MovieListItems.swift in Sources */,
				E022EE0F2871F24F00568656 /* MovieEndpoint.swift in Sources */,
			);
			runOnlyForDeploymentPostprocessing = 0;
		};
		E05D833A286491D000869048 /* Sources */ = {
			isa = PBXSourcesBuildPhase;
			buildActionMask = 2147483647;
			files = (
				E05D8343286491D000869048 /* ScratchAppUIKitTests.swift in Sources */,
			);
			runOnlyForDeploymentPostprocessing = 0;
		};
		E05D8344286491D000869048 /* Sources */ = {
			isa = PBXSourcesBuildPhase;
			buildActionMask = 2147483647;
			files = (
				E05D834F286491D100869048 /* ScratchAppUIKitUITestsLaunchTests.swift in Sources */,
				E05D834D286491D100869048 /* ScratchAppUIKitUITests.swift in Sources */,
			);
			runOnlyForDeploymentPostprocessing = 0;
		};
/* End PBXSourcesBuildPhase section */

/* Begin PBXTargetDependency section */
		E05D8340286491D000869048 /* PBXTargetDependency */ = {
			isa = PBXTargetDependency;
			target = E05D8324286491CD00869048 /* ScratchAppUIKit */;
			targetProxy = E05D833F286491D000869048 /* PBXContainerItemProxy */;
		};
		E05D834A286491D100869048 /* PBXTargetDependency */ = {
			isa = PBXTargetDependency;
			target = E05D8324286491CD00869048 /* ScratchAppUIKit */;
			targetProxy = E05D8349286491D100869048 /* PBXContainerItemProxy */;
		};
/* End PBXTargetDependency section */

/* Begin PBXVariantGroup section */
		E05D8336286491CE00869048 /* LaunchScreen.storyboard */ = {
			isa = PBXVariantGroup;
			children = (
				E05D8337286491CE00869048 /* Base */,
			);
			name = LaunchScreen.storyboard;
			sourceTree = "<group>";
		};
/* End PBXVariantGroup section */

/* Begin XCBuildConfiguration section */
		E05D8350286491D100869048 /* Debug */ = {
			isa = XCBuildConfiguration;
			buildSettings = {
				ALWAYS_SEARCH_USER_PATHS = NO;
				CLANG_ANALYZER_NONNULL = YES;
				CLANG_ANALYZER_NUMBER_OBJECT_CONVERSION = YES_AGGRESSIVE;
				CLANG_CXX_LANGUAGE_STANDARD = "gnu++17";
				CLANG_ENABLE_MODULES = YES;
				CLANG_ENABLE_OBJC_ARC = YES;
				CLANG_ENABLE_OBJC_WEAK = YES;
				CLANG_WARN_BLOCK_CAPTURE_AUTORELEASING = YES;
				CLANG_WARN_BOOL_CONVERSION = YES;
				CLANG_WARN_COMMA = YES;
				CLANG_WARN_CONSTANT_CONVERSION = YES;
				CLANG_WARN_DEPRECATED_OBJC_IMPLEMENTATIONS = YES;
				CLANG_WARN_DIRECT_OBJC_ISA_USAGE = YES_ERROR;
				CLANG_WARN_DOCUMENTATION_COMMENTS = YES;
				CLANG_WARN_EMPTY_BODY = YES;
				CLANG_WARN_ENUM_CONVERSION = YES;
				CLANG_WARN_INFINITE_RECURSION = YES;
				CLANG_WARN_INT_CONVERSION = YES;
				CLANG_WARN_NON_LITERAL_NULL_CONVERSION = YES;
				CLANG_WARN_OBJC_IMPLICIT_RETAIN_SELF = YES;
				CLANG_WARN_OBJC_LITERAL_CONVERSION = YES;
				CLANG_WARN_OBJC_ROOT_CLASS = YES_ERROR;
				CLANG_WARN_QUOTED_INCLUDE_IN_FRAMEWORK_HEADER = YES;
				CLANG_WARN_RANGE_LOOP_ANALYSIS = YES;
				CLANG_WARN_STRICT_PROTOTYPES = YES;
				CLANG_WARN_SUSPICIOUS_MOVE = YES;
				CLANG_WARN_UNGUARDED_AVAILABILITY = YES_AGGRESSIVE;
				CLANG_WARN_UNREACHABLE_CODE = YES;
				CLANG_WARN__DUPLICATE_METHOD_MATCH = YES;
				COPY_PHASE_STRIP = NO;
				DEBUG_INFORMATION_FORMAT = dwarf;
				ENABLE_STRICT_OBJC_MSGSEND = YES;
				ENABLE_TESTABILITY = YES;
				GCC_C_LANGUAGE_STANDARD = gnu11;
				GCC_DYNAMIC_NO_PIC = NO;
				GCC_NO_COMMON_BLOCKS = YES;
				GCC_OPTIMIZATION_LEVEL = 0;
				GCC_PREPROCESSOR_DEFINITIONS = (
					"DEBUG=1",
					"$(inherited)",
				);
				GCC_WARN_64_TO_32_BIT_CONVERSION = YES;
				GCC_WARN_ABOUT_RETURN_TYPE = YES_ERROR;
				GCC_WARN_UNDECLARED_SELECTOR = YES;
				GCC_WARN_UNINITIALIZED_AUTOS = YES_AGGRESSIVE;
				GCC_WARN_UNUSED_FUNCTION = YES;
				GCC_WARN_UNUSED_VARIABLE = YES;
				IPHONEOS_DEPLOYMENT_TARGET = 14.5;
				MTL_ENABLE_DEBUG_INFO = INCLUDE_SOURCE;
				MTL_FAST_MATH = YES;
				ONLY_ACTIVE_ARCH = YES;
				SDKROOT = iphoneos;
				SWIFT_ACTIVE_COMPILATION_CONDITIONS = DEBUG;
				SWIFT_OPTIMIZATION_LEVEL = "-Onone";
			};
			name = Debug;
		};
		E05D8351286491D100869048 /* Release */ = {
			isa = XCBuildConfiguration;
			buildSettings = {
				ALWAYS_SEARCH_USER_PATHS = NO;
				CLANG_ANALYZER_NONNULL = YES;
				CLANG_ANALYZER_NUMBER_OBJECT_CONVERSION = YES_AGGRESSIVE;
				CLANG_CXX_LANGUAGE_STANDARD = "gnu++17";
				CLANG_ENABLE_MODULES = YES;
				CLANG_ENABLE_OBJC_ARC = YES;
				CLANG_ENABLE_OBJC_WEAK = YES;
				CLANG_WARN_BLOCK_CAPTURE_AUTORELEASING = YES;
				CLANG_WARN_BOOL_CONVERSION = YES;
				CLANG_WARN_COMMA = YES;
				CLANG_WARN_CONSTANT_CONVERSION = YES;
				CLANG_WARN_DEPRECATED_OBJC_IMPLEMENTATIONS = YES;
				CLANG_WARN_DIRECT_OBJC_ISA_USAGE = YES_ERROR;
				CLANG_WARN_DOCUMENTATION_COMMENTS = YES;
				CLANG_WARN_EMPTY_BODY = YES;
				CLANG_WARN_ENUM_CONVERSION = YES;
				CLANG_WARN_INFINITE_RECURSION = YES;
				CLANG_WARN_INT_CONVERSION = YES;
				CLANG_WARN_NON_LITERAL_NULL_CONVERSION = YES;
				CLANG_WARN_OBJC_IMPLICIT_RETAIN_SELF = YES;
				CLANG_WARN_OBJC_LITERAL_CONVERSION = YES;
				CLANG_WARN_OBJC_ROOT_CLASS = YES_ERROR;
				CLANG_WARN_QUOTED_INCLUDE_IN_FRAMEWORK_HEADER = YES;
				CLANG_WARN_RANGE_LOOP_ANALYSIS = YES;
				CLANG_WARN_STRICT_PROTOTYPES = YES;
				CLANG_WARN_SUSPICIOUS_MOVE = YES;
				CLANG_WARN_UNGUARDED_AVAILABILITY = YES_AGGRESSIVE;
				CLANG_WARN_UNREACHABLE_CODE = YES;
				CLANG_WARN__DUPLICATE_METHOD_MATCH = YES;
				COPY_PHASE_STRIP = NO;
				DEBUG_INFORMATION_FORMAT = "dwarf-with-dsym";
				ENABLE_NS_ASSERTIONS = NO;
				ENABLE_STRICT_OBJC_MSGSEND = YES;
				GCC_C_LANGUAGE_STANDARD = gnu11;
				GCC_NO_COMMON_BLOCKS = YES;
				GCC_WARN_64_TO_32_BIT_CONVERSION = YES;
				GCC_WARN_ABOUT_RETURN_TYPE = YES_ERROR;
				GCC_WARN_UNDECLARED_SELECTOR = YES;
				GCC_WARN_UNINITIALIZED_AUTOS = YES_AGGRESSIVE;
				GCC_WARN_UNUSED_FUNCTION = YES;
				GCC_WARN_UNUSED_VARIABLE = YES;
				IPHONEOS_DEPLOYMENT_TARGET = 14.5;
				MTL_ENABLE_DEBUG_INFO = NO;
				MTL_FAST_MATH = YES;
				SDKROOT = iphoneos;
				SWIFT_COMPILATION_MODE = wholemodule;
				SWIFT_OPTIMIZATION_LEVEL = "-O";
				VALIDATE_PRODUCT = YES;
			};
			name = Release;
		};
		E05D8353286491D100869048 /* Debug */ = {
			isa = XCBuildConfiguration;
			baseConfigurationReference = 56EC4E5F6F003F13E0ADB898 /* Pods-ScratchAppUIKit.debug.xcconfig */;
			buildSettings = {
				ASSETCATALOG_COMPILER_APPICON_NAME = AppIcon;
				ASSETCATALOG_COMPILER_GLOBAL_ACCENT_COLOR_NAME = AccentColor;
				CODE_SIGN_STYLE = Automatic;
				CURRENT_PROJECT_VERSION = 1;
				DEVELOPMENT_TEAM = H443SZWX2N;
				GENERATE_INFOPLIST_FILE = YES;
				INFOPLIST_FILE = ScratchAppUIKit/SupportingFIles/Info.plist;
				INFOPLIST_KEY_UIApplicationSupportsIndirectInputEvents = YES;
				INFOPLIST_KEY_UILaunchStoryboardName = LaunchScreen;
				INFOPLIST_KEY_UISupportedInterfaceOrientations_iPad = "UIInterfaceOrientationPortrait UIInterfaceOrientationPortraitUpsideDown UIInterfaceOrientationLandscapeLeft UIInterfaceOrientationLandscapeRight";
				INFOPLIST_KEY_UISupportedInterfaceOrientations_iPhone = "UIInterfaceOrientationPortrait UIInterfaceOrientationLandscapeLeft UIInterfaceOrientationLandscapeRight";
				LD_RUNPATH_SEARCH_PATHS = (
					"$(inherited)",
					"@executable_path/Frameworks",
				);
				MARKETING_VERSION = 1.0;
				PRODUCT_BUNDLE_IDENTIFIER = com.zeroemotion.ScratchAppUIKit;
				PRODUCT_NAME = "$(TARGET_NAME)";
				SWIFT_EMIT_LOC_STRINGS = YES;
				SWIFT_VERSION = 5.0;
				TARGETED_DEVICE_FAMILY = 1;
			};
			name = Debug;
		};
		E05D8354286491D100869048 /* Release */ = {
			isa = XCBuildConfiguration;
			baseConfigurationReference = 2DFDCEE8D8C0C8D34928B969 /* Pods-ScratchAppUIKit.release.xcconfig */;
			buildSettings = {
				ASSETCATALOG_COMPILER_APPICON_NAME = AppIcon;
				ASSETCATALOG_COMPILER_GLOBAL_ACCENT_COLOR_NAME = AccentColor;
				CODE_SIGN_STYLE = Automatic;
				CURRENT_PROJECT_VERSION = 1;
				DEVELOPMENT_TEAM = H443SZWX2N;
				GENERATE_INFOPLIST_FILE = YES;
				INFOPLIST_FILE = ScratchAppUIKit/SupportingFIles/Info.plist;
				INFOPLIST_KEY_UIApplicationSupportsIndirectInputEvents = YES;
				INFOPLIST_KEY_UILaunchStoryboardName = LaunchScreen;
				INFOPLIST_KEY_UISupportedInterfaceOrientations_iPad = "UIInterfaceOrientationPortrait UIInterfaceOrientationPortraitUpsideDown UIInterfaceOrientationLandscapeLeft UIInterfaceOrientationLandscapeRight";
				INFOPLIST_KEY_UISupportedInterfaceOrientations_iPhone = "UIInterfaceOrientationPortrait UIInterfaceOrientationLandscapeLeft UIInterfaceOrientationLandscapeRight";
				LD_RUNPATH_SEARCH_PATHS = (
					"$(inherited)",
					"@executable_path/Frameworks",
				);
				MARKETING_VERSION = 1.0;
				PRODUCT_BUNDLE_IDENTIFIER = com.zeroemotion.ScratchAppUIKit;
				PRODUCT_NAME = "$(TARGET_NAME)";
				SWIFT_EMIT_LOC_STRINGS = YES;
				SWIFT_VERSION = 5.0;
				TARGETED_DEVICE_FAMILY = 1;
			};
			name = Release;
		};
		E05D8356286491D100869048 /* Debug */ = {
			isa = XCBuildConfiguration;
			baseConfigurationReference = 7C34CD4E1D9C8222E1CCA430 /* Pods-ScratchAppUIKitTests.debug.xcconfig */;
			buildSettings = {
				ALWAYS_EMBED_SWIFT_STANDARD_LIBRARIES = YES;
				BUNDLE_LOADER = "$(TEST_HOST)";
				CODE_SIGN_STYLE = Automatic;
				CURRENT_PROJECT_VERSION = 1;
				DEVELOPMENT_TEAM = H443SZWX2N;
				GENERATE_INFOPLIST_FILE = YES;
				IPHONEOS_DEPLOYMENT_TARGET = 15.5;
				MARKETING_VERSION = 1.0;
				PRODUCT_BUNDLE_IDENTIFIER = com.zeroemotion.ScratchAppUIKitTests;
				PRODUCT_NAME = "$(TARGET_NAME)";
				SWIFT_EMIT_LOC_STRINGS = NO;
				SWIFT_VERSION = 5.0;
				TARGETED_DEVICE_FAMILY = "1,2";
				TEST_HOST = "$(BUILT_PRODUCTS_DIR)/ScratchAppUIKit.app/ScratchAppUIKit";
			};
			name = Debug;
		};
		E05D8357286491D100869048 /* Release */ = {
			isa = XCBuildConfiguration;
			baseConfigurationReference = 6878D9880EF9E371BB0B0C9B /* Pods-ScratchAppUIKitTests.release.xcconfig */;
			buildSettings = {
				ALWAYS_EMBED_SWIFT_STANDARD_LIBRARIES = YES;
				BUNDLE_LOADER = "$(TEST_HOST)";
				CODE_SIGN_STYLE = Automatic;
				CURRENT_PROJECT_VERSION = 1;
				DEVELOPMENT_TEAM = H443SZWX2N;
				GENERATE_INFOPLIST_FILE = YES;
				IPHONEOS_DEPLOYMENT_TARGET = 15.5;
				MARKETING_VERSION = 1.0;
				PRODUCT_BUNDLE_IDENTIFIER = com.zeroemotion.ScratchAppUIKitTests;
				PRODUCT_NAME = "$(TARGET_NAME)";
				SWIFT_EMIT_LOC_STRINGS = NO;
				SWIFT_VERSION = 5.0;
				TARGETED_DEVICE_FAMILY = "1,2";
				TEST_HOST = "$(BUILT_PRODUCTS_DIR)/ScratchAppUIKit.app/ScratchAppUIKit";
			};
			name = Release;
		};
		E05D8359286491D100869048 /* Debug */ = {
			isa = XCBuildConfiguration;
			baseConfigurationReference = 0085403C75FC199137C9D129 /* Pods-ScratchAppUIKit-ScratchAppUIKitUITests.debug.xcconfig */;
			buildSettings = {
				ALWAYS_EMBED_SWIFT_STANDARD_LIBRARIES = YES;
				CODE_SIGN_STYLE = Automatic;
				CURRENT_PROJECT_VERSION = 1;
				DEVELOPMENT_TEAM = H443SZWX2N;
				GENERATE_INFOPLIST_FILE = YES;
				MARKETING_VERSION = 1.0;
				PRODUCT_BUNDLE_IDENTIFIER = com.zeroemotion.ScratchAppUIKitUITests;
				PRODUCT_NAME = "$(TARGET_NAME)";
				SWIFT_EMIT_LOC_STRINGS = NO;
				SWIFT_VERSION = 5.0;
				TARGETED_DEVICE_FAMILY = "1,2";
				TEST_TARGET_NAME = ScratchAppUIKit;
			};
			name = Debug;
		};
		E05D835A286491D100869048 /* Release */ = {
			isa = XCBuildConfiguration;
			baseConfigurationReference = 04325EEF61E5F078CA49D2D8 /* Pods-ScratchAppUIKit-ScratchAppUIKitUITests.release.xcconfig */;
			buildSettings = {
				ALWAYS_EMBED_SWIFT_STANDARD_LIBRARIES = YES;
				CODE_SIGN_STYLE = Automatic;
				CURRENT_PROJECT_VERSION = 1;
				DEVELOPMENT_TEAM = H443SZWX2N;
				GENERATE_INFOPLIST_FILE = YES;
				MARKETING_VERSION = 1.0;
				PRODUCT_BUNDLE_IDENTIFIER = com.zeroemotion.ScratchAppUIKitUITests;
				PRODUCT_NAME = "$(TARGET_NAME)";
				SWIFT_EMIT_LOC_STRINGS = NO;
				SWIFT_VERSION = 5.0;
				TARGETED_DEVICE_FAMILY = "1,2";
				TEST_TARGET_NAME = ScratchAppUIKit;
			};
			name = Release;
		};
/* End XCBuildConfiguration section */

/* Begin XCConfigurationList section */
		E05D8320286491CD00869048 /* Build configuration list for PBXProject "ScratchAppUIKit" */ = {
			isa = XCConfigurationList;
			buildConfigurations = (
				E05D8350286491D100869048 /* Debug */,
				E05D8351286491D100869048 /* Release */,
			);
			defaultConfigurationIsVisible = 0;
			defaultConfigurationName = Release;
		};
		E05D8352286491D100869048 /* Build configuration list for PBXNativeTarget "ScratchAppUIKit" */ = {
			isa = XCConfigurationList;
			buildConfigurations = (
				E05D8353286491D100869048 /* Debug */,
				E05D8354286491D100869048 /* Release */,
			);
			defaultConfigurationIsVisible = 0;
			defaultConfigurationName = Release;
		};
		E05D8355286491D100869048 /* Build configuration list for PBXNativeTarget "ScratchAppUIKitTests" */ = {
			isa = XCConfigurationList;
			buildConfigurations = (
				E05D8356286491D100869048 /* Debug */,
				E05D8357286491D100869048 /* Release */,
			);
			defaultConfigurationIsVisible = 0;
			defaultConfigurationName = Release;
		};
		E05D8358286491D100869048 /* Build configuration list for PBXNativeTarget "ScratchAppUIKitUITests" */ = {
			isa = XCConfigurationList;
			buildConfigurations = (
				E05D8359286491D100869048 /* Debug */,
				E05D835A286491D100869048 /* Release */,
			);
			defaultConfigurationIsVisible = 0;
			defaultConfigurationName = Release;
		};
/* End XCConfigurationList section */

/* Begin XCRemoteSwiftPackageReference section */
		E04FCD1C289195EE009F81B0 /* XCRemoteSwiftPackageReference "Tabman" */ = {
			isa = XCRemoteSwiftPackageReference;
			repositoryURL = "https://github.com/uias/Tabman";
			requirement = {
				kind = upToNextMajorVersion;
				minimumVersion = 2.0.0;
			};
		};
/* End XCRemoteSwiftPackageReference section */

/* Begin XCSwiftPackageProductDependency section */
		E04FCD1D289195EE009F81B0 /* Tabman */ = {
			isa = XCSwiftPackageProductDependency;
			package = E04FCD1C289195EE009F81B0 /* XCRemoteSwiftPackageReference "Tabman" */;
			productName = Tabman;
		};
/* End XCSwiftPackageProductDependency section */

/* Begin XCVersionGroup section */
		E05D8331286491CD00869048 /* ScratchAppUIKit.xcdatamodeld */ = {
			isa = XCVersionGroup;
			children = (
				E05D8332286491CD00869048 /* ScratchAppUIKit.xcdatamodel */,
			);
			currentVersion = E05D8332286491CD00869048 /* ScratchAppUIKit.xcdatamodel */;
			path = ScratchAppUIKit.xcdatamodeld;
			sourceTree = "<group>";
			versionGroupType = wrapper.xcdatamodel;
		};
/* End XCVersionGroup section */
	};
	rootObject = E05D831D286491CD00869048 /* Project object */;
}
